
Microsoft Visual Studio Solution File, Format Version 12.00
# Visual Studio Version 16
VisualStudioVersion = 16.0.28803.352
MinimumVisualStudioVersion = 10.0.40219.1
Project("{FAE04EC0-301F-11D3-BF4B-00C04F79EFBC}") = "Calculator", "Calculator\Calculator.csproj", "{C7571DFD-E9F6-4188-9104-A6CFE0DA6BED}"
EndProject
Global
	GlobalSection(SolutionConfigurationPlatforms) = preSolution
		Debug|Any CPU = Debug|Any CPU
		Release|Any CPU = Release|Any CPU
	EndGlobalSection
	GlobalSection(ProjectConfigurationPlatforms) = postSolution
		{C7571DFD-E9F6-4188-9104-A6CFE0DA6BED}.Debug|Any CPU.ActiveCfg = Debug|Any CPU
		{C7571DFD-E9F6-4188-9104-A6CFE0DA6BED}.Debug|Any CPU.Build.0 = Debug|Any CPU
		{C7571DFD-E9F6-4188-9104-A6CFE0DA6BED}.Release|Any CPU.ActiveCfg = Release|Any CPU
		{C7571DFD-E9F6-4188-9104-A6CFE0DA6BED}.Release|Any CPU.Build.0 = Release|Any CPU
	EndGlobalSection
	GlobalSection(SolutionProperties) = preSolution
		HideSolutionNode = FALSE
	EndGlobalSection
	GlobalSection(ExtensibilityGlobals) = postSolution
		SolutionGuid = {E93BE24B-24D8-4B64-AA25-2CB179227EBF}
	EndGlobalSection
EndGlobal
