
Microsoft Visual Studio Solution File, Format Version 12.00
# Visual Studio Version 16
VisualStudioVersion = 16.0.31313.79
MinimumVisualStudioVersion = 10.0.40219.1
Project("{FAE04EC0-301F-11D3-BF4B-00C04F79EFBC}") = "TreeNode.MVC", "TreeNode.MVC\TreeNode.MVC.csproj", "{AE837E44-59D7-488D-A92C-C8CE538311F8}"
EndProject
Global
	GlobalSection(SolutionConfigurationPlatforms) = preSolution
		Debug|Any CPU = Debug|Any CPU
		Release|Any CPU = Release|Any CPU
	EndGlobalSection
	GlobalSection(ProjectConfigurationPlatforms) = postSolution
		{AE837E44-59D7-488D-A92C-C8CE538311F8}.Debug|Any CPU.ActiveCfg = Debug|Any CPU
		{AE837E44-59D7-488D-A92C-C8CE538311F8}.Debug|Any CPU.Build.0 = Debug|Any CPU
		{AE837E44-59D7-488D-A92C-C8CE538311F8}.Release|Any CPU.ActiveCfg = Release|Any CPU
		{AE837E44-59D7-488D-A92C-C8CE538311F8}.Release|Any CPU.Build.0 = Release|Any CPU
	EndGlobalSection
	GlobalSection(SolutionProperties) = preSolution
		HideSolutionNode = FALSE
	EndGlobalSection
	GlobalSection(ExtensibilityGlobals) = postSolution
		SolutionGuid = {68236F58-EA9F-4FA5-8B3F-99050DC7B3A6}
	EndGlobalSection
EndGlobal
